
Microsoft Visual Studio Solution File, Format Version 12.00
# Visual Studio 14
VisualStudioVersion = 14.0.24720.0
MinimumVisualStudioVersion = 10.0.40219.1
Project("{FAE04EC0-301F-11D3-BF4B-00C04F79EFBC}") = "两个输入框进行计算", "两个输入框进行计算\两个输入框进行计算.csproj", "{07F1EC8F-4C36-4C9A-ABA4-B5DE44D36E3D}"
EndProject
Project("{FAE04EC0-301F-11D3-BF4B-00C04F79EFBC}") = "picturebox的使用", "picturebox的使用\picturebox的使用.csproj", "{16752E02-D8A8-4708-B134-FCEA3760E03A}"
EndProject
Project("{FAE04EC0-301F-11D3-BF4B-00C04F79EFBC}") = "图片列表学习", "图片列表学习\图片列表学习.csproj", "{C1FB83A8-8790-45B1-BDE5-F56032D387E7}"
EndProject
Project("{FAE04EC0-301F-11D3-BF4B-00C04F79EFBC}") = "单选按钮和复选按钮", "单选按钮和复选按钮\单选按钮和复选按钮.csproj", "{EAE5A55D-C630-4705-84B3-39398029ED5A}"
EndProject
Project("{FAE04EC0-301F-11D3-BF4B-00C04F79EFBC}") = "复选框的学习", "复选框的学习\复选框的学习.csproj", "{55302EA8-372A-4B7B-A9C5-CC18C9FF9CB4}"
EndProject
Project("{FAE04EC0-301F-11D3-BF4B-00C04F79EFBC}") = "列表框和组合框", "列表框和组合框\列表框和组合框.csproj", "{1DA5B979-9B57-4EAB-8A90-E8A4EBEAB539}"
EndProject
Project("{FAE04EC0-301F-11D3-BF4B-00C04F79EFBC}") = "类和对象的初步学习", "类和对象的初步学习\类和对象的初步学习.csproj", "{85CC5AF1-21AB-4A2C-88BF-74C599ABABD5}"
EndProject
Project("{FAE04EC0-301F-11D3-BF4B-00C04F79EFBC}") = "方法和类的使用", "方法和类的使用\方法和类的使用.csproj", "{C51BA5FD-2498-4AE7-9DC4-9CFCE3063692}"
EndProject
Project("{FAE04EC0-301F-11D3-BF4B-00C04F79EFBC}") = "关于开机时间等datetime的学习验证", "关于开机时间等datetime的学习验证\关于开机时间等datetime的学习验证.csproj", "{43C3602E-956A-4434-8D6D-9AE7589CF96B}"
EndProject
Project("{FAE04EC0-301F-11D3-BF4B-00C04F79EFBC}") = "类的学习和方法的学习", "类的学习和方法的学习\类的学习和方法的学习.csproj", "{48E1B978-8331-4896-B757-73CB5EFC6DE1}"
EndProject
Project("{FAE04EC0-301F-11D3-BF4B-00C04F79EFBC}") = "构造函数", "构造函数\构造函数.csproj", "{374F1BB2-1C52-40AC-A576-875BB5282E19}"
EndProject
Project("{FAE04EC0-301F-11D3-BF4B-00C04F79EFBC}") = "里氏转换", "里氏转换\里氏转换.csproj", "{7D1ED09D-DCC0-4CAC-9962-3C34C779AA72}"
EndProject
Project("{FAE04EC0-301F-11D3-BF4B-00C04F79EFBC}") = "File类的操作", "File类的操作\File类的操作.csproj", "{C7C228E0-EE6B-4E7E-9AC1-DED2CC7C3903}"
EndProject
Project("{FAE04EC0-301F-11D3-BF4B-00C04F79EFBC}") = "类的继承学习", "类的继承学习\类的继承学习.csproj", "{4F180AEB-C790-4724-B4C1-79D11647A2EF}"
EndProject
Project("{FAE04EC0-301F-11D3-BF4B-00C04F79EFBC}") = "ArrayList的学习", "ArrayList的学习\ArrayList的学习.csproj", "{5CE3AC6B-DAC2-4D35-B7BC-F8B694FFDB70}"
EndProject
Project("{FAE04EC0-301F-11D3-BF4B-00C04F79EFBC}") = "ArrayList集合的各种方法", "ArrayList集合的各种方法\ArrayList集合的各种方法.csproj", "{3D77CAE8-FD77-4194-B3FA-5B97CA998341}"
EndProject
Global
	GlobalSection(SolutionConfigurationPlatforms) = preSolution
		Debug|Any CPU = Debug|Any CPU
		Debug|ARM = Debug|ARM
		Debug|x64 = Debug|x64
		Debug|x86 = Debug|x86
		Release|Any CPU = Release|Any CPU
		Release|ARM = Release|ARM
		Release|x64 = Release|x64
		Release|x86 = Release|x86
	EndGlobalSection
	GlobalSection(ProjectConfigurationPlatforms) = postSolution
		{07F1EC8F-4C36-4C9A-ABA4-B5DE44D36E3D}.Debug|Any CPU.ActiveCfg = Release|Any CPU
		{07F1EC8F-4C36-4C9A-ABA4-B5DE44D36E3D}.Debug|Any CPU.Build.0 = Release|Any CPU
		{07F1EC8F-4C36-4C9A-ABA4-B5DE44D36E3D}.Debug|Any CPU.Deploy.0 = Release|Any CPU
		{07F1EC8F-4C36-4C9A-ABA4-B5DE44D36E3D}.Debug|ARM.ActiveCfg = Debug|Any CPU
		{07F1EC8F-4C36-4C9A-ABA4-B5DE44D36E3D}.Debug|ARM.Build.0 = Debug|Any CPU
		{07F1EC8F-4C36-4C9A-ABA4-B5DE44D36E3D}.Debug|x64.ActiveCfg = Debug|Any CPU
		{07F1EC8F-4C36-4C9A-ABA4-B5DE44D36E3D}.Debug|x64.Build.0 = Debug|Any CPU
		{07F1EC8F-4C36-4C9A-ABA4-B5DE44D36E3D}.Debug|x86.ActiveCfg = Debug|Any CPU
		{07F1EC8F-4C36-4C9A-ABA4-B5DE44D36E3D}.Debug|x86.Build.0 = Debug|Any CPU
		{07F1EC8F-4C36-4C9A-ABA4-B5DE44D36E3D}.Release|Any CPU.ActiveCfg = Release|Any CPU
		{07F1EC8F-4C36-4C9A-ABA4-B5DE44D36E3D}.Release|Any CPU.Build.0 = Release|Any CPU
		{07F1EC8F-4C36-4C9A-ABA4-B5DE44D36E3D}.Release|ARM.ActiveCfg = Release|Any CPU
		{07F1EC8F-4C36-4C9A-ABA4-B5DE44D36E3D}.Release|ARM.Build.0 = Release|Any CPU
		{07F1EC8F-4C36-4C9A-ABA4-B5DE44D36E3D}.Release|x64.ActiveCfg = Release|Any CPU
		{07F1EC8F-4C36-4C9A-ABA4-B5DE44D36E3D}.Release|x64.Build.0 = Release|Any CPU
		{07F1EC8F-4C36-4C9A-ABA4-B5DE44D36E3D}.Release|x86.ActiveCfg = Release|Any CPU
		{07F1EC8F-4C36-4C9A-ABA4-B5DE44D36E3D}.Release|x86.Build.0 = Release|Any CPU
		{16752E02-D8A8-4708-B134-FCEA3760E03A}.Debug|Any CPU.ActiveCfg = Debug|Any CPU
		{16752E02-D8A8-4708-B134-FCEA3760E03A}.Debug|Any CPU.Build.0 = Debug|Any CPU
		{16752E02-D8A8-4708-B134-FCEA3760E03A}.Debug|ARM.ActiveCfg = Debug|Any CPU
		{16752E02-D8A8-4708-B134-FCEA3760E03A}.Debug|ARM.Build.0 = Debug|Any CPU
		{16752E02-D8A8-4708-B134-FCEA3760E03A}.Debug|x64.ActiveCfg = Debug|Any CPU
		{16752E02-D8A8-4708-B134-FCEA3760E03A}.Debug|x64.Build.0 = Debug|Any CPU
		{16752E02-D8A8-4708-B134-FCEA3760E03A}.Debug|x86.ActiveCfg = Debug|Any CPU
		{16752E02-D8A8-4708-B134-FCEA3760E03A}.Debug|x86.Build.0 = Debug|Any CPU
		{16752E02-D8A8-4708-B134-FCEA3760E03A}.Release|Any CPU.ActiveCfg = Release|Any CPU
		{16752E02-D8A8-4708-B134-FCEA3760E03A}.Release|Any CPU.Build.0 = Release|Any CPU
		{16752E02-D8A8-4708-B134-FCEA3760E03A}.Release|ARM.ActiveCfg = Release|Any CPU
		{16752E02-D8A8-4708-B134-FCEA3760E03A}.Release|ARM.Build.0 = Release|Any CPU
		{16752E02-D8A8-4708-B134-FCEA3760E03A}.Release|x64.ActiveCfg = Release|Any CPU
		{16752E02-D8A8-4708-B134-FCEA3760E03A}.Release|x64.Build.0 = Release|Any CPU
		{16752E02-D8A8-4708-B134-FCEA3760E03A}.Release|x86.ActiveCfg = Release|Any CPU
		{16752E02-D8A8-4708-B134-FCEA3760E03A}.Release|x86.Build.0 = Release|Any CPU
		{C1FB83A8-8790-45B1-BDE5-F56032D387E7}.Debug|Any CPU.ActiveCfg = Debug|Any CPU
		{C1FB83A8-8790-45B1-BDE5-F56032D387E7}.Debug|Any CPU.Build.0 = Debug|Any CPU
		{C1FB83A8-8790-45B1-BDE5-F56032D387E7}.Debug|ARM.ActiveCfg = Debug|Any CPU
		{C1FB83A8-8790-45B1-BDE5-F56032D387E7}.Debug|ARM.Build.0 = Debug|Any CPU
		{C1FB83A8-8790-45B1-BDE5-F56032D387E7}.Debug|x64.ActiveCfg = Debug|Any CPU
		{C1FB83A8-8790-45B1-BDE5-F56032D387E7}.Debug|x64.Build.0 = Debug|Any CPU
		{C1FB83A8-8790-45B1-BDE5-F56032D387E7}.Debug|x86.ActiveCfg = Debug|Any CPU
		{C1FB83A8-8790-45B1-BDE5-F56032D387E7}.Debug|x86.Build.0 = Debug|Any CPU
		{C1FB83A8-8790-45B1-BDE5-F56032D387E7}.Release|Any CPU.ActiveCfg = Release|Any CPU
		{C1FB83A8-8790-45B1-BDE5-F56032D387E7}.Release|Any CPU.Build.0 = Release|Any CPU
		{C1FB83A8-8790-45B1-BDE5-F56032D387E7}.Release|ARM.ActiveCfg = Release|Any CPU
		{C1FB83A8-8790-45B1-BDE5-F56032D387E7}.Release|ARM.Build.0 = Release|Any CPU
		{C1FB83A8-8790-45B1-BDE5-F56032D387E7}.Release|x64.ActiveCfg = Release|Any CPU
		{C1FB83A8-8790-45B1-BDE5-F56032D387E7}.Release|x64.Build.0 = Release|Any CPU
		{C1FB83A8-8790-45B1-BDE5-F56032D387E7}.Release|x86.ActiveCfg = Release|Any CPU
		{C1FB83A8-8790-45B1-BDE5-F56032D387E7}.Release|x86.Build.0 = Release|Any CPU
		{EAE5A55D-C630-4705-84B3-39398029ED5A}.Debug|Any CPU.ActiveCfg = Debug|Any CPU
		{EAE5A55D-C630-4705-84B3-39398029ED5A}.Debug|Any CPU.Build.0 = Debug|Any CPU
		{EAE5A55D-C630-4705-84B3-39398029ED5A}.Debug|ARM.ActiveCfg = Debug|Any CPU
		{EAE5A55D-C630-4705-84B3-39398029ED5A}.Debug|ARM.Build.0 = Debug|Any CPU
		{EAE5A55D-C630-4705-84B3-39398029ED5A}.Debug|x64.ActiveCfg = Debug|Any CPU
		{EAE5A55D-C630-4705-84B3-39398029ED5A}.Debug|x64.Build.0 = Debug|Any CPU
		{EAE5A55D-C630-4705-84B3-39398029ED5A}.Debug|x86.ActiveCfg = Debug|Any CPU
		{EAE5A55D-C630-4705-84B3-39398029ED5A}.Debug|x86.Build.0 = Debug|Any CPU
		{EAE5A55D-C630-4705-84B3-39398029ED5A}.Release|Any CPU.ActiveCfg = Release|Any CPU
		{EAE5A55D-C630-4705-84B3-39398029ED5A}.Release|Any CPU.Build.0 = Release|Any CPU
		{EAE5A55D-C630-4705-84B3-39398029ED5A}.Release|ARM.ActiveCfg = Release|Any CPU
		{EAE5A55D-C630-4705-84B3-39398029ED5A}.Release|ARM.Build.0 = Release|Any CPU
		{EAE5A55D-C630-4705-84B3-39398029ED5A}.Release|x64.ActiveCfg = Release|Any CPU
		{EAE5A55D-C630-4705-84B3-39398029ED5A}.Release|x64.Build.0 = Release|Any CPU
		{EAE5A55D-C630-4705-84B3-39398029ED5A}.Release|x86.ActiveCfg = Release|Any CPU
		{EAE5A55D-C630-4705-84B3-39398029ED5A}.Release|x86.Build.0 = Release|Any CPU
		{55302EA8-372A-4B7B-A9C5-CC18C9FF9CB4}.Debug|Any CPU.ActiveCfg = Debug|Any CPU
		{55302EA8-372A-4B7B-A9C5-CC18C9FF9CB4}.Debug|Any CPU.Build.0 = Debug|Any CPU
		{55302EA8-372A-4B7B-A9C5-CC18C9FF9CB4}.Debug|ARM.ActiveCfg = Debug|Any CPU
		{55302EA8-372A-4B7B-A9C5-CC18C9FF9CB4}.Debug|ARM.Build.0 = Debug|Any CPU
		{55302EA8-372A-4B7B-A9C5-CC18C9FF9CB4}.Debug|x64.ActiveCfg = Debug|Any CPU
		{55302EA8-372A-4B7B-A9C5-CC18C9FF9CB4}.Debug|x64.Build.0 = Debug|Any CPU
		{55302EA8-372A-4B7B-A9C5-CC18C9FF9CB4}.Debug|x86.ActiveCfg = Debug|Any CPU
		{55302EA8-372A-4B7B-A9C5-CC18C9FF9CB4}.Debug|x86.Build.0 = Debug|Any CPU
		{55302EA8-372A-4B7B-A9C5-CC18C9FF9CB4}.Release|Any CPU.ActiveCfg = Release|Any CPU
		{55302EA8-372A-4B7B-A9C5-CC18C9FF9CB4}.Release|Any CPU.Build.0 = Release|Any CPU
		{55302EA8-372A-4B7B-A9C5-CC18C9FF9CB4}.Release|ARM.ActiveCfg = Release|Any CPU
		{55302EA8-372A-4B7B-A9C5-CC18C9FF9CB4}.Release|ARM.Build.0 = Release|Any CPU
		{55302EA8-372A-4B7B-A9C5-CC18C9FF9CB4}.Release|x64.ActiveCfg = Release|Any CPU
		{55302EA8-372A-4B7B-A9C5-CC18C9FF9CB4}.Release|x64.Build.0 = Release|Any CPU
		{55302EA8-372A-4B7B-A9C5-CC18C9FF9CB4}.Release|x86.ActiveCfg = Release|Any CPU
		{55302EA8-372A-4B7B-A9C5-CC18C9FF9CB4}.Release|x86.Build.0 = Release|Any CPU
		{1DA5B979-9B57-4EAB-8A90-E8A4EBEAB539}.Debug|Any CPU.ActiveCfg = Debug|Any CPU
		{1DA5B979-9B57-4EAB-8A90-E8A4EBEAB539}.Debug|Any CPU.Build.0 = Debug|Any CPU
		{1DA5B979-9B57-4EAB-8A90-E8A4EBEAB539}.Debug|ARM.ActiveCfg = Debug|Any CPU
		{1DA5B979-9B57-4EAB-8A90-E8A4EBEAB539}.Debug|ARM.Build.0 = Debug|Any CPU
		{1DA5B979-9B57-4EAB-8A90-E8A4EBEAB539}.Debug|x64.ActiveCfg = Debug|Any CPU
		{1DA5B979-9B57-4EAB-8A90-E8A4EBEAB539}.Debug|x64.Build.0 = Debug|Any CPU
		{1DA5B979-9B57-4EAB-8A90-E8A4EBEAB539}.Debug|x86.ActiveCfg = Debug|Any CPU
		{1DA5B979-9B57-4EAB-8A90-E8A4EBEAB539}.Debug|x86.Build.0 = Debug|Any CPU
		{1DA5B979-9B57-4EAB-8A90-E8A4EBEAB539}.Release|Any CPU.ActiveCfg = Release|Any CPU
		{1DA5B979-9B57-4EAB-8A90-E8A4EBEAB539}.Release|Any CPU.Build.0 = Release|Any CPU
		{1DA5B979-9B57-4EAB-8A90-E8A4EBEAB539}.Release|ARM.ActiveCfg = Release|Any CPU
		{1DA5B979-9B57-4EAB-8A90-E8A4EBEAB539}.Release|ARM.Build.0 = Release|Any CPU
		{1DA5B979-9B57-4EAB-8A90-E8A4EBEAB539}.Release|x64.ActiveCfg = Release|Any CPU
		{1DA5B979-9B57-4EAB-8A90-E8A4EBEAB539}.Release|x64.Build.0 = Release|Any CPU
		{1DA5B979-9B57-4EAB-8A90-E8A4EBEAB539}.Release|x86.ActiveCfg = Release|Any CPU
		{1DA5B979-9B57-4EAB-8A90-E8A4EBEAB539}.Release|x86.Build.0 = Release|Any CPU
		{85CC5AF1-21AB-4A2C-88BF-74C599ABABD5}.Debug|Any CPU.ActiveCfg = Debug|Any CPU
		{85CC5AF1-21AB-4A2C-88BF-74C599ABABD5}.Debug|Any CPU.Build.0 = Debug|Any CPU
		{85CC5AF1-21AB-4A2C-88BF-74C599ABABD5}.Debug|ARM.ActiveCfg = Debug|Any CPU
		{85CC5AF1-21AB-4A2C-88BF-74C599ABABD5}.Debug|ARM.Build.0 = Debug|Any CPU
		{85CC5AF1-21AB-4A2C-88BF-74C599ABABD5}.Debug|x64.ActiveCfg = Debug|Any CPU
		{85CC5AF1-21AB-4A2C-88BF-74C599ABABD5}.Debug|x64.Build.0 = Debug|Any CPU
		{85CC5AF1-21AB-4A2C-88BF-74C599ABABD5}.Debug|x86.ActiveCfg = Debug|Any CPU
		{85CC5AF1-21AB-4A2C-88BF-74C599ABABD5}.Debug|x86.Build.0 = Debug|Any CPU
		{85CC5AF1-21AB-4A2C-88BF-74C599ABABD5}.Release|Any CPU.ActiveCfg = Release|Any CPU
		{85CC5AF1-21AB-4A2C-88BF-74C599ABABD5}.Release|Any CPU.Build.0 = Release|Any CPU
		{85CC5AF1-21AB-4A2C-88BF-74C599ABABD5}.Release|ARM.ActiveCfg = Release|Any CPU
		{85CC5AF1-21AB-4A2C-88BF-74C599ABABD5}.Release|ARM.Build.0 = Release|Any CPU
		{85CC5AF1-21AB-4A2C-88BF-74C599ABABD5}.Release|x64.ActiveCfg = Release|Any CPU
		{85CC5AF1-21AB-4A2C-88BF-74C599ABABD5}.Release|x64.Build.0 = Release|Any CPU
		{85CC5AF1-21AB-4A2C-88BF-74C599ABABD5}.Release|x86.ActiveCfg = Release|Any CPU
		{85CC5AF1-21AB-4A2C-88BF-74C599ABABD5}.Release|x86.Build.0 = Release|Any CPU
		{C51BA5FD-2498-4AE7-9DC4-9CFCE3063692}.Debug|Any CPU.ActiveCfg = Debug|Any CPU
		{C51BA5FD-2498-4AE7-9DC4-9CFCE3063692}.Debug|Any CPU.Build.0 = Debug|Any CPU
		{C51BA5FD-2498-4AE7-9DC4-9CFCE3063692}.Debug|ARM.ActiveCfg = Debug|Any CPU
		{C51BA5FD-2498-4AE7-9DC4-9CFCE3063692}.Debug|ARM.Build.0 = Debug|Any CPU
		{C51BA5FD-2498-4AE7-9DC4-9CFCE3063692}.Debug|x64.ActiveCfg = Debug|Any CPU
		{C51BA5FD-2498-4AE7-9DC4-9CFCE3063692}.Debug|x64.Build.0 = Debug|Any CPU
		{C51BA5FD-2498-4AE7-9DC4-9CFCE3063692}.Debug|x86.ActiveCfg = Debug|Any CPU
		{C51BA5FD-2498-4AE7-9DC4-9CFCE3063692}.Debug|x86.Build.0 = Debug|Any CPU
		{C51BA5FD-2498-4AE7-9DC4-9CFCE3063692}.Release|Any CPU.ActiveCfg = Release|Any CPU
		{C51BA5FD-2498-4AE7-9DC4-9CFCE3063692}.Release|Any CPU.Build.0 = Release|Any CPU
		{C51BA5FD-2498-4AE7-9DC4-9CFCE3063692}.Release|ARM.ActiveCfg = Release|Any CPU
		{C51BA5FD-2498-4AE7-9DC4-9CFCE3063692}.Release|ARM.Build.0 = Release|Any CPU
		{C51BA5FD-2498-4AE7-9DC4-9CFCE3063692}.Release|x64.ActiveCfg = Release|Any CPU
		{C51BA5FD-2498-4AE7-9DC4-9CFCE3063692}.Release|x64.Build.0 = Release|Any CPU
		{C51BA5FD-2498-4AE7-9DC4-9CFCE3063692}.Release|x86.ActiveCfg = Release|Any CPU
		{C51BA5FD-2498-4AE7-9DC4-9CFCE3063692}.Release|x86.Build.0 = Release|Any CPU
		{43C3602E-956A-4434-8D6D-9AE7589CF96B}.Debug|Any CPU.ActiveCfg = Debug|Any CPU
		{43C3602E-956A-4434-8D6D-9AE7589CF96B}.Debug|Any CPU.Build.0 = Debug|Any CPU
		{43C3602E-956A-4434-8D6D-9AE7589CF96B}.Debug|ARM.ActiveCfg = Debug|Any CPU
		{43C3602E-956A-4434-8D6D-9AE7589CF96B}.Debug|ARM.Build.0 = Debug|Any CPU
		{43C3602E-956A-4434-8D6D-9AE7589CF96B}.Debug|x64.ActiveCfg = Debug|Any CPU
		{43C3602E-956A-4434-8D6D-9AE7589CF96B}.Debug|x64.Build.0 = Debug|Any CPU
		{43C3602E-956A-4434-8D6D-9AE7589CF96B}.Debug|x86.ActiveCfg = Debug|Any CPU
		{43C3602E-956A-4434-8D6D-9AE7589CF96B}.Debug|x86.Build.0 = Debug|Any CPU
		{43C3602E-956A-4434-8D6D-9AE7589CF96B}.Release|Any CPU.ActiveCfg = Release|Any CPU
		{43C3602E-956A-4434-8D6D-9AE7589CF96B}.Release|Any CPU.Build.0 = Release|Any CPU
		{43C3602E-956A-4434-8D6D-9AE7589CF96B}.Release|ARM.ActiveCfg = Release|Any CPU
		{43C3602E-956A-4434-8D6D-9AE7589CF96B}.Release|ARM.Build.0 = Release|Any CPU
		{43C3602E-956A-4434-8D6D-9AE7589CF96B}.Release|x64.ActiveCfg = Release|Any CPU
		{43C3602E-956A-4434-8D6D-9AE7589CF96B}.Release|x64.Build.0 = Release|Any CPU
		{43C3602E-956A-4434-8D6D-9AE7589CF96B}.Release|x86.ActiveCfg = Release|Any CPU
		{43C3602E-956A-4434-8D6D-9AE7589CF96B}.Release|x86.Build.0 = Release|Any CPU
		{48E1B978-8331-4896-B757-73CB5EFC6DE1}.Debug|Any CPU.ActiveCfg = Debug|Any CPU
		{48E1B978-8331-4896-B757-73CB5EFC6DE1}.Debug|Any CPU.Build.0 = Debug|Any CPU
		{48E1B978-8331-4896-B757-73CB5EFC6DE1}.Debug|ARM.ActiveCfg = Debug|Any CPU
		{48E1B978-8331-4896-B757-73CB5EFC6DE1}.Debug|ARM.Build.0 = Debug|Any CPU
		{48E1B978-8331-4896-B757-73CB5EFC6DE1}.Debug|x64.ActiveCfg = Debug|Any CPU
		{48E1B978-8331-4896-B757-73CB5EFC6DE1}.Debug|x64.Build.0 = Debug|Any CPU
		{48E1B978-8331-4896-B757-73CB5EFC6DE1}.Debug|x86.ActiveCfg = Debug|Any CPU
		{48E1B978-8331-4896-B757-73CB5EFC6DE1}.Debug|x86.Build.0 = Debug|Any CPU
		{48E1B978-8331-4896-B757-73CB5EFC6DE1}.Release|Any CPU.ActiveCfg = Release|Any CPU
		{48E1B978-8331-4896-B757-73CB5EFC6DE1}.Release|Any CPU.Build.0 = Release|Any CPU
		{48E1B978-8331-4896-B757-73CB5EFC6DE1}.Release|ARM.ActiveCfg = Release|Any CPU
		{48E1B978-8331-4896-B757-73CB5EFC6DE1}.Release|ARM.Build.0 = Release|Any CPU
		{48E1B978-8331-4896-B757-73CB5EFC6DE1}.Release|x64.ActiveCfg = Release|Any CPU
		{48E1B978-8331-4896-B757-73CB5EFC6DE1}.Release|x64.Build.0 = Release|Any CPU
		{48E1B978-8331-4896-B757-73CB5EFC6DE1}.Release|x86.ActiveCfg = Release|Any CPU
		{48E1B978-8331-4896-B757-73CB5EFC6DE1}.Release|x86.Build.0 = Release|Any CPU
		{374F1BB2-1C52-40AC-A576-875BB5282E19}.Debug|Any CPU.ActiveCfg = Debug|Any CPU
		{374F1BB2-1C52-40AC-A576-875BB5282E19}.Debug|Any CPU.Build.0 = Debug|Any CPU
		{374F1BB2-1C52-40AC-A576-875BB5282E19}.Debug|ARM.ActiveCfg = Debug|Any CPU
		{374F1BB2-1C52-40AC-A576-875BB5282E19}.Debug|ARM.Build.0 = Debug|Any CPU
		{374F1BB2-1C52-40AC-A576-875BB5282E19}.Debug|x64.ActiveCfg = Debug|Any CPU
		{374F1BB2-1C52-40AC-A576-875BB5282E19}.Debug|x64.Build.0 = Debug|Any CPU
		{374F1BB2-1C52-40AC-A576-875BB5282E19}.Debug|x86.ActiveCfg = Debug|Any CPU
		{374F1BB2-1C52-40AC-A576-875BB5282E19}.Debug|x86.Build.0 = Debug|Any CPU
		{374F1BB2-1C52-40AC-A576-875BB5282E19}.Release|Any CPU.ActiveCfg = Release|Any CPU
		{374F1BB2-1C52-40AC-A576-875BB5282E19}.Release|Any CPU.Build.0 = Release|Any CPU
		{374F1BB2-1C52-40AC-A576-875BB5282E19}.Release|ARM.ActiveCfg = Release|Any CPU
		{374F1BB2-1C52-40AC-A576-875BB5282E19}.Release|ARM.Build.0 = Release|Any CPU
		{374F1BB2-1C52-40AC-A576-875BB5282E19}.Release|x64.ActiveCfg = Release|Any CPU
		{374F1BB2-1C52-40AC-A576-875BB5282E19}.Release|x64.Build.0 = Release|Any CPU
		{374F1BB2-1C52-40AC-A576-875BB5282E19}.Release|x86.ActiveCfg = Release|Any CPU
		{374F1BB2-1C52-40AC-A576-875BB5282E19}.Release|x86.Build.0 = Release|Any CPU
		{7D1ED09D-DCC0-4CAC-9962-3C34C779AA72}.Debug|Any CPU.ActiveCfg = Debug|Any CPU
		{7D1ED09D-DCC0-4CAC-9962-3C34C779AA72}.Debug|Any CPU.Build.0 = Debug|Any CPU
		{7D1ED09D-DCC0-4CAC-9962-3C34C779AA72}.Debug|ARM.ActiveCfg = Debug|Any CPU
		{7D1ED09D-DCC0-4CAC-9962-3C34C779AA72}.Debug|ARM.Build.0 = Debug|Any CPU
		{7D1ED09D-DCC0-4CAC-9962-3C34C779AA72}.Debug|x64.ActiveCfg = Debug|Any CPU
		{7D1ED09D-DCC0-4CAC-9962-3C34C779AA72}.Debug|x64.Build.0 = Debug|Any CPU
		{7D1ED09D-DCC0-4CAC-9962-3C34C779AA72}.Debug|x86.ActiveCfg = Debug|Any CPU
		{7D1ED09D-DCC0-4CAC-9962-3C34C779AA72}.Debug|x86.Build.0 = Debug|Any CPU
		{7D1ED09D-DCC0-4CAC-9962-3C34C779AA72}.Release|Any CPU.ActiveCfg = Release|Any CPU
		{7D1ED09D-DCC0-4CAC-9962-3C34C779AA72}.Release|Any CPU.Build.0 = Release|Any CPU
		{7D1ED09D-DCC0-4CAC-9962-3C34C779AA72}.Release|ARM.ActiveCfg = Release|Any CPU
		{7D1ED09D-DCC0-4CAC-9962-3C34C779AA72}.Release|ARM.Build.0 = Release|Any CPU
		{7D1ED09D-DCC0-4CAC-9962-3C34C779AA72}.Release|x64.ActiveCfg = Release|Any CPU
		{7D1ED09D-DCC0-4CAC-9962-3C34C779AA72}.Release|x64.Build.0 = Release|Any CPU
		{7D1ED09D-DCC0-4CAC-9962-3C34C779AA72}.Release|x86.ActiveCfg = Release|Any CPU
		{7D1ED09D-DCC0-4CAC-9962-3C34C779AA72}.Release|x86.Build.0 = Release|Any CPU
		{C7C228E0-EE6B-4E7E-9AC1-DED2CC7C3903}.Debug|Any CPU.ActiveCfg = Debug|Any CPU
		{C7C228E0-EE6B-4E7E-9AC1-DED2CC7C3903}.Debug|Any CPU.Build.0 = Debug|Any CPU
		{C7C228E0-EE6B-4E7E-9AC1-DED2CC7C3903}.Debug|ARM.ActiveCfg = Debug|Any CPU
		{C7C228E0-EE6B-4E7E-9AC1-DED2CC7C3903}.Debug|ARM.Build.0 = Debug|Any CPU
		{C7C228E0-EE6B-4E7E-9AC1-DED2CC7C3903}.Debug|x64.ActiveCfg = Debug|Any CPU
		{C7C228E0-EE6B-4E7E-9AC1-DED2CC7C3903}.Debug|x64.Build.0 = Debug|Any CPU
		{C7C228E0-EE6B-4E7E-9AC1-DED2CC7C3903}.Debug|x86.ActiveCfg = Debug|Any CPU
		{C7C228E0-EE6B-4E7E-9AC1-DED2CC7C3903}.Debug|x86.Build.0 = Debug|Any CPU
		{C7C228E0-EE6B-4E7E-9AC1-DED2CC7C3903}.Release|Any CPU.ActiveCfg = Release|Any CPU
		{C7C228E0-EE6B-4E7E-9AC1-DED2CC7C3903}.Release|Any CPU.Build.0 = Release|Any CPU
		{C7C228E0-EE6B-4E7E-9AC1-DED2CC7C3903}.Release|ARM.ActiveCfg = Release|Any CPU
		{C7C228E0-EE6B-4E7E-9AC1-DED2CC7C3903}.Release|ARM.Build.0 = Release|Any CPU
		{C7C228E0-EE6B-4E7E-9AC1-DED2CC7C3903}.Release|x64.ActiveCfg = Release|Any CPU
		{C7C228E0-EE6B-4E7E-9AC1-DED2CC7C3903}.Release|x64.Build.0 = Release|Any CPU
		{C7C228E0-EE6B-4E7E-9AC1-DED2CC7C3903}.Release|x86.ActiveCfg = Release|Any CPU
		{C7C228E0-EE6B-4E7E-9AC1-DED2CC7C3903}.Release|x86.Build.0 = Release|Any CPU
		{4F180AEB-C790-4724-B4C1-79D11647A2EF}.Debug|Any CPU.ActiveCfg = Debug|Any CPU
		{4F180AEB-C790-4724-B4C1-79D11647A2EF}.Debug|Any CPU.Build.0 = Debug|Any CPU
		{4F180AEB-C790-4724-B4C1-79D11647A2EF}.Debug|ARM.ActiveCfg = Debug|Any CPU
		{4F180AEB-C790-4724-B4C1-79D11647A2EF}.Debug|ARM.Build.0 = Debug|Any CPU
		{4F180AEB-C790-4724-B4C1-79D11647A2EF}.Debug|x64.ActiveCfg = Debug|Any CPU
		{4F180AEB-C790-4724-B4C1-79D11647A2EF}.Debug|x64.Build.0 = Debug|Any CPU
		{4F180AEB-C790-4724-B4C1-79D11647A2EF}.Debug|x86.ActiveCfg = Debug|Any CPU
		{4F180AEB-C790-4724-B4C1-79D11647A2EF}.Debug|x86.Build.0 = Debug|Any CPU
		{4F180AEB-C790-4724-B4C1-79D11647A2EF}.Release|Any CPU.ActiveCfg = Release|Any CPU
		{4F180AEB-C790-4724-B4C1-79D11647A2EF}.Release|Any CPU.Build.0 = Release|Any CPU
		{4F180AEB-C790-4724-B4C1-79D11647A2EF}.Release|ARM.ActiveCfg = Release|Any CPU
		{4F180AEB-C790-4724-B4C1-79D11647A2EF}.Release|ARM.Build.0 = Release|Any CPU
		{4F180AEB-C790-4724-B4C1-79D11647A2EF}.Release|x64.ActiveCfg = Release|Any CPU
		{4F180AEB-C790-4724-B4C1-79D11647A2EF}.Release|x64.Build.0 = Release|Any CPU
		{4F180AEB-C790-4724-B4C1-79D11647A2EF}.Release|x86.ActiveCfg = Release|Any CPU
		{4F180AEB-C790-4724-B4C1-79D11647A2EF}.Release|x86.Build.0 = Release|Any CPU
		{5CE3AC6B-DAC2-4D35-B7BC-F8B694FFDB70}.Debug|Any CPU.ActiveCfg = Debug|Any CPU
		{5CE3AC6B-DAC2-4D35-B7BC-F8B694FFDB70}.Debug|Any CPU.Build.0 = Debug|Any CPU
		{5CE3AC6B-DAC2-4D35-B7BC-F8B694FFDB70}.Debug|ARM.ActiveCfg = Debug|Any CPU
		{5CE3AC6B-DAC2-4D35-B7BC-F8B694FFDB70}.Debug|ARM.Build.0 = Debug|Any CPU
		{5CE3AC6B-DAC2-4D35-B7BC-F8B694FFDB70}.Debug|x64.ActiveCfg = Debug|Any CPU
		{5CE3AC6B-DAC2-4D35-B7BC-F8B694FFDB70}.Debug|x64.Build.0 = Debug|Any CPU
		{5CE3AC6B-DAC2-4D35-B7BC-F8B694FFDB70}.Debug|x86.ActiveCfg = Debug|Any CPU
		{5CE3AC6B-DAC2-4D35-B7BC-F8B694FFDB70}.Debug|x86.Build.0 = Debug|Any CPU
		{5CE3AC6B-DAC2-4D35-B7BC-F8B694FFDB70}.Release|Any CPU.ActiveCfg = Release|Any CPU
		{5CE3AC6B-DAC2-4D35-B7BC-F8B694FFDB70}.Release|Any CPU.Build.0 = Release|Any CPU
		{5CE3AC6B-DAC2-4D35-B7BC-F8B694FFDB70}.Release|ARM.ActiveCfg = Release|Any CPU
		{5CE3AC6B-DAC2-4D35-B7BC-F8B694FFDB70}.Release|ARM.Build.0 = Release|Any CPU
		{5CE3AC6B-DAC2-4D35-B7BC-F8B694FFDB70}.Release|x64.ActiveCfg = Release|Any CPU
		{5CE3AC6B-DAC2-4D35-B7BC-F8B694FFDB70}.Release|x64.Build.0 = Release|Any CPU
		{5CE3AC6B-DAC2-4D35-B7BC-F8B694FFDB70}.Release|x86.ActiveCfg = Release|Any CPU
		{5CE3AC6B-DAC2-4D35-B7BC-F8B694FFDB70}.Release|x86.Build.0 = Release|Any CPU
		{3D77CAE8-FD77-4194-B3FA-5B97CA998341}.Debug|Any CPU.ActiveCfg = Debug|Any CPU
		{3D77CAE8-FD77-4194-B3FA-5B97CA998341}.Debug|Any CPU.Build.0 = Debug|Any CPU
		{3D77CAE8-FD77-4194-B3FA-5B97CA998341}.Debug|ARM.ActiveCfg = Debug|Any CPU
		{3D77CAE8-FD77-4194-B3FA-5B97CA998341}.Debug|ARM.Build.0 = Debug|Any CPU
		{3D77CAE8-FD77-4194-B3FA-5B97CA998341}.Debug|x64.ActiveCfg = Debug|Any CPU
		{3D77CAE8-FD77-4194-B3FA-5B97CA998341}.Debug|x64.Build.0 = Debug|Any CPU
		{3D77CAE8-FD77-4194-B3FA-5B97CA998341}.Debug|x86.ActiveCfg = Debug|Any CPU
		{3D77CAE8-FD77-4194-B3FA-5B97CA998341}.Debug|x86.Build.0 = Debug|Any CPU
		{3D77CAE8-FD77-4194-B3FA-5B97CA998341}.Release|Any CPU.ActiveCfg = Release|Any CPU
		{3D77CAE8-FD77-4194-B3FA-5B97CA998341}.Release|Any CPU.Build.0 = Release|Any CPU
		{3D77CAE8-FD77-4194-B3FA-5B97CA998341}.Release|ARM.ActiveCfg = Release|Any CPU
		{3D77CAE8-FD77-4194-B3FA-5B97CA998341}.Release|ARM.Build.0 = Release|Any CPU
		{3D77CAE8-FD77-4194-B3FA-5B97CA998341}.Release|x64.ActiveCfg = Release|Any CPU
		{3D77CAE8-FD77-4194-B3FA-5B97CA998341}.Release|x64.Build.0 = Release|Any CPU
		{3D77CAE8-FD77-4194-B3FA-5B97CA998341}.Release|x86.ActiveCfg = Release|Any CPU
		{3D77CAE8-FD77-4194-B3FA-5B97CA998341}.Release|x86.Build.0 = Release|Any CPU
	EndGlobalSection
	GlobalSection(SolutionProperties) = preSolution
		HideSolutionNode = FALSE
	EndGlobalSection
EndGlobal
